// !$*UTF8*$!
{
	archiveVersion = 1;
	classes = {
	};
	objectVersion = 48;
	objects = {

/* Begin PBXBuildFile section */
		7D16725E205552BA008B76CF /* AppDelegate.swift in Sources */ = {isa = PBXBuildFile; fileRef = 7D16725D205552BA008B76CF /* AppDelegate.swift */; };
		7D167263205552BA008B76CF /* Main.storyboard in Resources */ = {isa = PBXBuildFile; fileRef = 7D167261205552BA008B76CF /* Main.storyboard */; };
		7D167265205552BA008B76CF /* Assets.xcassets in Resources */ = {isa = PBXBuildFile; fileRef = 7D167264205552BA008B76CF /* Assets.xcassets */; };
		7D167268205552BA008B76CF /* LaunchScreen.storyboard in Resources */ = {isa = PBXBuildFile; fileRef = 7D167266205552BA008B76CF /* LaunchScreen.storyboard */; };
		7D16727120557AC3008B76CF /* ServerManager.swift in Sources */ = {isa = PBXBuildFile; fileRef = 7D16727020557AC3008B76CF /* ServerManager.swift */; };
		7D16727420558949008B76CF /* Category.swift in Sources */ = {isa = PBXBuildFile; fileRef = 7D16727320558949008B76CF /* Category.swift */; };
		7D20FB9320567D0B008E6C8E /* SWRevealViewController.m in Sources */ = {isa = PBXBuildFile; fileRef = 7D20FB9220567D0B008E6C8E /* SWRevealViewController.m */; };
		7D20FB9520568179008E6C8E /* ViewController.swift in Sources */ = {isa = PBXBuildFile; fileRef = 7D20FB9420568179008E6C8E /* ViewController.swift */; };
		7D20FB972056A184008E6C8E /* Image.swift in Sources */ = {isa = PBXBuildFile; fileRef = 7D20FB962056A184008E6C8E /* Image.swift */; };
		8B6E2F0ED0B6A84498317073 /* Pods_AbadTrade.framework in Frameworks */ = {isa = PBXBuildFile; fileRef = C36AFA903FD85931D8410C4B /* Pods_AbadTrade.framework */; };
/* End PBXBuildFile section */

/* Begin PBXFileReference section */
		7D16725A205552BA008B76CF /* AbadTrade.app */ = {isa = PBXFileReference; explicitFileType = wrapper.application; includeInIndex = 0; path = AbadTrade.app; sourceTree = BUILT_PRODUCTS_DIR; };
		7D16725D205552BA008B76CF /* AppDelegate.swift */ = {isa = PBXFileReference; lastKnownFileType = sourcecode.swift; path = AppDelegate.swift; sourceTree = "<group>"; };
		7D167262205552BA008B76CF /* Base */ = {isa = PBXFileReference; lastKnownFileType = file.storyboard; name = Base; path = Base.lproj/Main.storyboard; sourceTree = "<group>"; };
		7D167264205552BA008B76CF /* Assets.xcassets */ = {isa = PBXFileReference; lastKnownFileType = folder.assetcatalog; path = Assets.xcassets; sourceTree = "<group>"; };
		7D167267205552BA008B76CF /* Base */ = {isa = PBXFileReference; lastKnownFileType = file.storyboard; name = Base; path = Base.lproj/LaunchScreen.storyboard; sourceTree = "<group>"; };
		7D167269205552BA008B76CF /* Info.plist */ = {isa = PBXFileReference; lastKnownFileType = text.plist.xml; path = Info.plist; sourceTree = "<group>"; };
		7D16727020557AC3008B76CF /* ServerManager.swift */ = {isa = PBXFileReference; lastKnownFileType = sourcecode.swift; path = ServerManager.swift; sourceTree = "<group>"; };
		7D16727320558949008B76CF /* Category.swift */ = {isa = PBXFileReference; lastKnownFileType = sourcecode.swift; path = Category.swift; sourceTree = "<group>"; };
		7D20FB9020567D0A008E6C8E /* AbadTrade-Bridging-Header.h */ = {isa = PBXFileReference; lastKnownFileType = sourcecode.c.h; path = "AbadTrade-Bridging-Header.h"; sourceTree = "<group>"; };
		7D20FB9120567D0B008E6C8E /* SWRevealViewController.h */ = {isa = PBXFileReference; fileEncoding = 4; lastKnownFileType = sourcecode.c.h; path = SWRevealViewController.h; sourceTree = "<group>"; };
		7D20FB9220567D0B008E6C8E /* SWRevealViewController.m */ = {isa = PBXFileReference; fileEncoding = 4; lastKnownFileType = sourcecode.c.objc; path = SWRevealViewController.m; sourceTree = "<group>"; };
		7D20FB9420568179008E6C8E /* ViewController.swift */ = {isa = PBXFileReference; lastKnownFileType = sourcecode.swift; path = ViewController.swift; sourceTree = "<group>"; };
		7D20FB962056A184008E6C8E /* Image.swift */ = {isa = PBXFileReference; lastKnownFileType = sourcecode.swift; path = Image.swift; sourceTree = "<group>"; };
		9AE5AC647F49137A6C42933D /* Pods-AbadTrade.release.xcconfig */ = {isa = PBXFileReference; includeInIndex = 1; lastKnownFileType = text.xcconfig; name = "Pods-AbadTrade.release.xcconfig"; path = "Pods/Target Support Files/Pods-AbadTrade/Pods-AbadTrade.release.xcconfig"; sourceTree = "<group>"; };
		C36AFA903FD85931D8410C4B /* Pods_AbadTrade.framework */ = {isa = PBXFileReference; explicitFileType = wrapper.framework; includeInIndex = 0; path = Pods_AbadTrade.framework; sourceTree = BUILT_PRODUCTS_DIR; };
		D2CCBC0AC0EEF969CD20787B /* Pods-AbadTrade.debug.xcconfig */ = {isa = PBXFileReference; includeInIndex = 1; lastKnownFileType = text.xcconfig; name = "Pods-AbadTrade.debug.xcconfig"; path = "Pods/Target Support Files/Pods-AbadTrade/Pods-AbadTrade.debug.xcconfig"; sourceTree = "<group>"; };
/* End PBXFileReference section */

/* Begin PBXFrameworksBuildPhase section */
		7D167257205552BA008B76CF /* Frameworks */ = {
			isa = PBXFrameworksBuildPhase;
			buildActionMask = 2147483647;
			files = (
				8B6E2F0ED0B6A84498317073 /* Pods_AbadTrade.framework in Frameworks */,
			);
			runOnlyForDeploymentPostprocessing = 0;
		};
/* End PBXFrameworksBuildPhase section */

/* Begin PBXGroup section */
		3F954BD8DF7934B7851F12D0 /* Frameworks */ = {
			isa = PBXGroup;
			children = (
				C36AFA903FD85931D8410C4B /* Pods_AbadTrade.framework */,
			);
			name = Frameworks;
			sourceTree = "<group>";
		};
		7D167251205552B9008B76CF = {
			isa = PBXGroup;
			children = (
				7D16725C205552BA008B76CF /* AbadTrade */,
				7D16725B205552BA008B76CF /* Products */,
				A82B87382A3B975CA7EB0615 /* Pods */,
				3F954BD8DF7934B7851F12D0 /* Frameworks */,
			);
			sourceTree = "<group>";
		};
		7D16725B205552BA008B76CF /* Products */ = {
			isa = PBXGroup;
			children = (
				7D16725A205552BA008B76CF /* AbadTrade.app */,
			);
			name = Products;
			sourceTree = "<group>";
		};
		7D16725C205552BA008B76CF /* AbadTrade */ = {
			isa = PBXGroup;
			children = (
				7D20FB9A2056C1E2008E6C8E /* Views */,
				7D20FB992056C178008E6C8E /* Controller */,
				7D16727220558924008B76CF /* Models */,
				7D16726F20557A72008B76CF /* Network */,
				7D16725D205552BA008B76CF /* AppDelegate.swift */,
				7D167261205552BA008B76CF /* Main.storyboard */,
				7D20FB9020567D0A008E6C8E /* AbadTrade-Bridging-Header.h */,
				7D167264205552BA008B76CF /* Assets.xcassets */,
				7D167266205552BA008B76CF /* LaunchScreen.storyboard */,
				7D167269205552BA008B76CF /* Info.plist */,
				7D20FB9020567D0A008E6C8E /* AbadTrade-Bridging-Header.h */,
			);
			path = AbadTrade;
			sourceTree = "<group>";
		};
		7D16726F20557A72008B76CF /* Network */ = {
			isa = PBXGroup;
			children = (
				7D16727020557AC3008B76CF /* ServerManager.swift */,
			);
			path = Network;
			sourceTree = "<group>";
		};
		7D16727220558924008B76CF /* Models */ = {
			isa = PBXGroup;
			children = (
				7D16727320558949008B76CF /* Category.swift */,
				7D20FB962056A184008E6C8E /* Image.swift */,
			);
			path = Models;
			sourceTree = "<group>";
		};
		7D20FB982056C11D008E6C8E /* sideMenu */ = {
			isa = PBXGroup;
			children = (
				7D20FB9120567D0B008E6C8E /* SWRevealViewController.h */,
				7D20FB9220567D0B008E6C8E /* SWRevealViewController.m */,
			);
			path = sideMenu;
			sourceTree = "<group>";
		};
		7D20FB992056C178008E6C8E /* Controller */ = {
			isa = PBXGroup;
			children = (
				7D20FB9420568179008E6C8E /* ViewController.swift */,
				7D20FB982056C11D008E6C8E /* sideMenu */,
			);
			path = Controller;
			sourceTree = "<group>";
		};
		7D20FB9A2056C1E2008E6C8E /* Views */ = {
			isa = PBXGroup;
			children = (
			);
			path = Views;
			sourceTree = "<group>";
		};
		A82B87382A3B975CA7EB0615 /* Pods */ = {
			isa = PBXGroup;
			children = (
				D2CCBC0AC0EEF969CD20787B /* Pods-AbadTrade.debug.xcconfig */,
				9AE5AC647F49137A6C42933D /* Pods-AbadTrade.release.xcconfig */,
			);
			name = Pods;
			sourceTree = "<group>";
		};
/* End PBXGroup section */

/* Begin PBXNativeTarget section */
		7D167259205552BA008B76CF /* AbadTrade */ = {
			isa = PBXNativeTarget;
			buildConfigurationList = 7D16726C205552BA008B76CF /* Build configuration list for PBXNativeTarget "AbadTrade" */;
			buildPhases = (
				FFFE6F0752FE1D7E54BBFA5A /* [CP] Check Pods Manifest.lock */,
				7D167256205552BA008B76CF /* Sources */,
				7D167257205552BA008B76CF /* Frameworks */,
				7D167258205552BA008B76CF /* Resources */,
				1B6A75DA23B13F9450A2CEC9 /* [CP] Embed Pods Frameworks */,
				FF726484C4F660784CE2AC48 /* [CP] Copy Pods Resources */,
			);
			buildRules = (
			);
			dependencies = (
			);
			name = AbadTrade;
			productName = AbadTrade;
			productReference = 7D16725A205552BA008B76CF /* AbadTrade.app */;
			productType = "com.apple.product-type.application";
		};
/* End PBXNativeTarget section */

/* Begin PBXProject section */
		7D167252205552B9008B76CF /* Project object */ = {
			isa = PBXProject;
			attributes = {
				LastSwiftUpdateCheck = 0910;
				LastUpgradeCheck = 0910;
				ORGANIZATIONNAME = AmrObjection;
				TargetAttributes = {
					7D167259205552BA008B76CF = {
						CreatedOnToolsVersion = 9.1;
						LastSwiftMigration = 0910;
						ProvisioningStyle = Automatic;
					};
				};
			};
			buildConfigurationList = 7D167255205552B9008B76CF /* Build configuration list for PBXProject "AbadTrade" */;
			compatibilityVersion = "Xcode 8.0";
			developmentRegion = en;
			hasScannedForEncodings = 0;
			knownRegions = (
				en,
				Base,
			);
			mainGroup = 7D167251205552B9008B76CF;
			productRefGroup = 7D16725B205552BA008B76CF /* Products */;
			projectDirPath = "";
			projectRoot = "";
			targets = (
				7D167259205552BA008B76CF /* AbadTrade */,
			);
		};
/* End PBXProject section */

/* Begin PBXResourcesBuildPhase section */
		7D167258205552BA008B76CF /* Resources */ = {
			isa = PBXResourcesBuildPhase;
			buildActionMask = 2147483647;
			files = (
				7D167268205552BA008B76CF /* LaunchScreen.storyboard in Resources */,
				7D167265205552BA008B76CF /* Assets.xcassets in Resources */,
				7D167263205552BA008B76CF /* Main.storyboard in Resources */,
			);
			runOnlyForDeploymentPostprocessing = 0;
		};
/* End PBXResourcesBuildPhase section */

/* Begin PBXShellScriptBuildPhase section */
		1B6A75DA23B13F9450A2CEC9 /* [CP] Embed Pods Frameworks */ = {
			isa = PBXShellScriptBuildPhase;
			buildActionMask = 2147483647;
			files = (
			);
			inputPaths = (
				"${SRCROOT}/Pods/Target Support Files/Pods-AbadTrade/Pods-AbadTrade-frameworks.sh",
				"${BUILT_PRODUCTS_DIR}/Alamofire/Alamofire.framework",
				"${BUILT_PRODUCTS_DIR}/SwiftyJSON/SwiftyJSON.framework",
			);
			name = "[CP] Embed Pods Frameworks";
			outputPaths = (
				"${TARGET_BUILD_DIR}/${FRAMEWORKS_FOLDER_PATH}/Alamofire.framework",
				"${TARGET_BUILD_DIR}/${FRAMEWORKS_FOLDER_PATH}/SwiftyJSON.framework",
			);
			runOnlyForDeploymentPostprocessing = 0;
			shellPath = /bin/sh;
			shellScript = "\"${SRCROOT}/Pods/Target Support Files/Pods-AbadTrade/Pods-AbadTrade-frameworks.sh\"\n";
			showEnvVarsInLog = 0;
		};
		FF726484C4F660784CE2AC48 /* [CP] Copy Pods Resources */ = {
			isa = PBXShellScriptBuildPhase;
			buildActionMask = 2147483647;
			files = (
			);
			inputPaths = (
			);
			name = "[CP] Copy Pods Resources";
			outputPaths = (
			);
			runOnlyForDeploymentPostprocessing = 0;
			shellPath = /bin/sh;
			shellScript = "\"${SRCROOT}/Pods/Target Support Files/Pods-AbadTrade/Pods-AbadTrade-resources.sh\"\n";
			showEnvVarsInLog = 0;
		};
		FFFE6F0752FE1D7E54BBFA5A /* [CP] Check Pods Manifest.lock */ = {
			isa = PBXShellScriptBuildPhase;
			buildActionMask = 2147483647;
			files = (
			);
			inputPaths = (
				"${PODS_PODFILE_DIR_PATH}/Podfile.lock",
				"${PODS_ROOT}/Manifest.lock",
			);
			name = "[CP] Check Pods Manifest.lock";
			outputPaths = (
				"$(DERIVED_FILE_DIR)/Pods-AbadTrade-checkManifestLockResult.txt",
			);
			runOnlyForDeploymentPostprocessing = 0;
			shellPath = /bin/sh;
			shellScript = "diff \"${PODS_PODFILE_DIR_PATH}/Podfile.lock\" \"${PODS_ROOT}/Manifest.lock\" > /dev/null\nif [ $? != 0 ] ; then\n    # print error to STDERR\n    echo \"error: The sandbox is not in sync with the Podfile.lock. Run 'pod install' or update your CocoaPods installation.\" >&2\n    exit 1\nfi\n# This output is used by Xcode 'outputs' to avoid re-running this script phase.\necho \"SUCCESS\" > \"${SCRIPT_OUTPUT_FILE_0}\"\n";
			showEnvVarsInLog = 0;
		};
/* End PBXShellScriptBuildPhase section */

/* Begin PBXSourcesBuildPhase section */
		7D167256205552BA008B76CF /* Sources */ = {
			isa = PBXSourcesBuildPhase;
			buildActionMask = 2147483647;
			files = (
				7D20FB9520568179008E6C8E /* ViewController.swift in Sources */,
				7D20FB972056A184008E6C8E /* Image.swift in Sources */,
				7D16727120557AC3008B76CF /* ServerManager.swift in Sources */,
				7D16725E205552BA008B76CF /* AppDelegate.swift in Sources */,
				7D16727420558949008B76CF /* Category.swift in Sources */,
				7D20FB9320567D0B008E6C8E /* SWRevealViewController.m in Sources */,
			);
			runOnlyForDeploymentPostprocessing = 0;
		};
/* End PBXSourcesBuildPhase section */

/* Begin PBXVariantGroup section */
		7D167261205552BA008B76CF /* Main.storyboard */ = {
			isa = PBXVariantGroup;
			children = (
				7D167262205552BA008B76CF /* Base */,
			);
			name = Main.storyboard;
			sourceTree = "<group>";
		};
		7D167266205552BA008B76CF /* LaunchScreen.storyboard */ = {
			isa = PBXVariantGroup;
			children = (
				7D167267205552BA008B76CF /* Base */,
			);
			name = LaunchScreen.storyboard;
			sourceTree = "<group>";
		};
/* End PBXVariantGroup section */

/* Begin XCBuildConfiguration section */
		7D16726A205552BA008B76CF /* Debug */ = {
			isa = XCBuildConfiguration;
			buildSettings = {
				ALWAYS_SEARCH_USER_PATHS = NO;
				CLANG_ANALYZER_NONNULL = YES;
				CLANG_ANALYZER_NUMBER_OBJECT_CONVERSION = YES_AGGRESSIVE;
				CLANG_CXX_LANGUAGE_STANDARD = "gnu++14";
				CLANG_CXX_LIBRARY = "libc++";
				CLANG_ENABLE_MODULES = YES;
				CLANG_ENABLE_OBJC_ARC = YES;
				CLANG_WARN_BLOCK_CAPTURE_AUTORELEASING = YES;
				CLANG_WARN_BOOL_CONVERSION = YES;
				CLANG_WARN_COMMA = YES;
				CLANG_WARN_CONSTANT_CONVERSION = YES;
				CLANG_WARN_DIRECT_OBJC_ISA_USAGE = YES_ERROR;
				CLANG_WARN_DOCUMENTATION_COMMENTS = YES;
				CLANG_WARN_EMPTY_BODY = YES;
				CLANG_WARN_ENUM_CONVERSION = YES;
				CLANG_WARN_INFINITE_RECURSION = YES;
				CLANG_WARN_INT_CONVERSION = YES;
				CLANG_WARN_NON_LITERAL_NULL_CONVERSION = YES;
				CLANG_WARN_OBJC_LITERAL_CONVERSION = YES;
				CLANG_WARN_OBJC_ROOT_CLASS = YES_ERROR;
				CLANG_WARN_RANGE_LOOP_ANALYSIS = YES;
				CLANG_WARN_STRICT_PROTOTYPES = YES;
				CLANG_WARN_SUSPICIOUS_MOVE = YES;
				CLANG_WARN_UNGUARDED_AVAILABILITY = YES_AGGRESSIVE;
				CLANG_WARN_UNREACHABLE_CODE = YES;
				CLANG_WARN__DUPLICATE_METHOD_MATCH = YES;
				CODE_SIGN_IDENTITY = "iPhone Developer";
				COPY_PHASE_STRIP = NO;
				DEBUG_INFORMATION_FORMAT = dwarf;
				ENABLE_STRICT_OBJC_MSGSEND = YES;
				ENABLE_TESTABILITY = YES;
				GCC_C_LANGUAGE_STANDARD = gnu11;
				GCC_DYNAMIC_NO_PIC = NO;
				GCC_NO_COMMON_BLOCKS = YES;
				GCC_OPTIMIZATION_LEVEL = 0;
				GCC_PREPROCESSOR_DEFINITIONS = (
					"DEBUG=1",
					"$(inherited)",
				);
				GCC_WARN_64_TO_32_BIT_CONVERSION = YES;
				GCC_WARN_ABOUT_RETURN_TYPE = YES_ERROR;
				GCC_WARN_UNDECLARED_SELECTOR = YES;
				GCC_WARN_UNINITIALIZED_AUTOS = YES_AGGRESSIVE;
				GCC_WARN_UNUSED_FUNCTION = YES;
				GCC_WARN_UNUSED_VARIABLE = YES;
				IPHONEOS_DEPLOYMENT_TARGET = 11.1;
				MTL_ENABLE_DEBUG_INFO = YES;
				ONLY_ACTIVE_ARCH = YES;
				SDKROOT = iphoneos;
				SWIFT_ACTIVE_COMPILATION_CONDITIONS = DEBUG;
				SWIFT_OPTIMIZATION_LEVEL = "-Onone";
			};
			name = Debug;
		};
		7D16726B205552BA008B76CF /* Release */ = {
			isa = XCBuildConfiguration;
			buildSettings = {
				ALWAYS_SEARCH_USER_PATHS = NO;
				CLANG_ANALYZER_NONNULL = YES;
				CLANG_ANALYZER_NUMBER_OBJECT_CONVERSION = YES_AGGRESSIVE;
				CLANG_CXX_LANGUAGE_STANDARD = "gnu++14";
				CLANG_CXX_LIBRARY = "libc++";
				CLANG_ENABLE_MODULES = YES;
				CLANG_ENABLE_OBJC_ARC = YES;
				CLANG_WARN_BLOCK_CAPTURE_AUTORELEASING = YES;
				CLANG_WARN_BOOL_CONVERSION = YES;
				CLANG_WARN_COMMA = YES;
				CLANG_WARN_CONSTANT_CONVERSION = YES;
				CLANG_WARN_DIRECT_OBJC_ISA_USAGE = YES_ERROR;
				CLANG_WARN_DOCUMENTATION_COMMENTS = YES;
				CLANG_WARN_EMPTY_BODY = YES;
				CLANG_WARN_ENUM_CONVERSION = YES;
				CLANG_WARN_INFINITE_RECURSION = YES;
				CLANG_WARN_INT_CONVERSION = YES;
				CLANG_WARN_NON_LITERAL_NULL_CONVERSION = YES;
				CLANG_WARN_OBJC_LITERAL_CONVERSION = YES;
				CLANG_WARN_OBJC_ROOT_CLASS = YES_ERROR;
				CLANG_WARN_RANGE_LOOP_ANALYSIS = YES;
				CLANG_WARN_STRICT_PROTOTYPES = YES;
				CLANG_WARN_SUSPICIOUS_MOVE = YES;
				CLANG_WARN_UNGUARDED_AVAILABILITY = YES_AGGRESSIVE;
				CLANG_WARN_UNREACHABLE_CODE = YES;
				CLANG_WARN__DUPLICATE_METHOD_MATCH = YES;
				CODE_SIGN_IDENTITY = "iPhone Developer";
				COPY_PHASE_STRIP = NO;
				DEBUG_INFORMATION_FORMAT = "dwarf-with-dsym";
				ENABLE_NS_ASSERTIONS = NO;
				ENABLE_STRICT_OBJC_MSGSEND = YES;
				GCC_C_LANGUAGE_STANDARD = gnu11;
				GCC_NO_COMMON_BLOCKS = YES;
				GCC_WARN_64_TO_32_BIT_CONVERSION = YES;
				GCC_WARN_ABOUT_RETURN_TYPE = YES_ERROR;
				GCC_WARN_UNDECLARED_SELECTOR = YES;
				GCC_WARN_UNINITIALIZED_AUTOS = YES_AGGRESSIVE;
				GCC_WARN_UNUSED_FUNCTION = YES;
				GCC_WARN_UNUSED_VARIABLE = YES;
				IPHONEOS_DEPLOYMENT_TARGET = 11.1;
				MTL_ENABLE_DEBUG_INFO = NO;
				SDKROOT = iphoneos;
				SWIFT_OPTIMIZATION_LEVEL = "-Owholemodule";
				VALIDATE_PRODUCT = YES;
			};
			name = Release;
		};
		7D16726D205552BA008B76CF /* Debug */ = {
			isa = XCBuildConfiguration;
			baseConfigurationReference = D2CCBC0AC0EEF969CD20787B /* Pods-AbadTrade.debug.xcconfig */;
			buildSettings = {
				ASSETCATALOG_COMPILER_APPICON_NAME = AppIcon;
				CLANG_ENABLE_MODULES = YES;
				CODE_SIGN_STYLE = Automatic;
				INFOPLIST_FILE = AbadTrade/Info.plist;
				LD_RUNPATH_SEARCH_PATHS = "$(inherited) @executable_path/Frameworks";
				PRODUCT_BUNDLE_IDENTIFIER = com.amr.net.AbadTrade;
				PRODUCT_NAME = "$(TARGET_NAME)";
				SWIFT_OBJC_BRIDGING_HEADER = "AbadTrade/AbadTrade-Bridging-Header.h";
				SWIFT_OPTIMIZATION_LEVEL = "-Onone";
				SWIFT_VERSION = 4.0;
				TARGETED_DEVICE_FAMILY = "1,2";
			};
			name = Debug;
		};
		7D16726E205552BA008B76CF /* Release */ = {
			isa = XCBuildConfiguration;
			baseConfigurationReference = 9AE5AC647F49137A6C42933D /* Pods-AbadTrade.release.xcconfig */;
			buildSettings = {
				ASSETCATALOG_COMPILER_APPICON_NAME = AppIcon;
				CLANG_ENABLE_MODULES = YES;
				CODE_SIGN_STYLE = Automatic;
				INFOPLIST_FILE = AbadTrade/Info.plist;
				LD_RUNPATH_SEARCH_PATHS = "$(inherited) @executable_path/Frameworks";
				PRODUCT_BUNDLE_IDENTIFIER = com.amr.net.AbadTrade;
				PRODUCT_NAME = "$(TARGET_NAME)";
				SWIFT_OBJC_BRIDGING_HEADER = "AbadTrade/AbadTrade-Bridging-Header.h";
				SWIFT_VERSION = 4.0;
				TARGETED_DEVICE_FAMILY = "1,2";
			};
			name = Release;
		};
/* End XCBuildConfiguration section */

/* Begin XCConfigurationList section */
		7D167255205552B9008B76CF /* Build configuration list for PBXProject "AbadTrade" */ = {
			isa = XCConfigurationList;
			buildConfigurations = (
				7D16726A205552BA008B76CF /* Debug */,
				7D16726B205552BA008B76CF /* Release */,
			);
			defaultConfigurationIsVisible = 0;
			defaultConfigurationName = Release;
		};
		7D16726C205552BA008B76CF /* Build configuration list for PBXNativeTarget "AbadTrade" */ = {
			isa = XCConfigurationList;
			buildConfigurations = (
				7D16726D205552BA008B76CF /* Debug */,
				7D16726E205552BA008B76CF /* Release */,
			);
			defaultConfigurationIsVisible = 0;
			defaultConfigurationName = Release;
		};
/* End XCConfigurationList section */
	};
	rootObject = 7D167252205552B9008B76CF /* Project object */;
}
